
Microsoft Visual Studio Solution File, Format Version 12.00
# Visual Studio Version 16
VisualStudioVersion = 16.0.30621.155
MinimumVisualStudioVersion = 10.0.40219.1
Project("{FAE04EC0-301F-11D3-BF4B-00C04F79EFBC}") = "App", "Bibliotheque\App.csproj", "{4F690F28-DB62-4FAC-8EA9-C5F5FB19CD51}"
EndProject
Project("{FAE04EC0-301F-11D3-BF4B-00C04F79EFBC}") = "Domain2", "Domain2\Domain2.csproj", "{E146BDAF-A79D-4289-906B-F0C28B9226F9}"
EndProject
Project("{FAE04EC0-301F-11D3-BF4B-00C04F79EFBC}") = "DAL2", "DAL2\DAL2.csproj", "{817E33B2-59DF-4F44-AE8A-26BE1DDA3F6F}"
EndProject
Project("{FAE04EC0-301F-11D3-BF4B-00C04F79EFBC}") = "Test2", "Test2\Test2.csproj", "{3E67B0A9-2AD9-475D-B18C-393BAF9FDB09}"
EndProject
Global
	GlobalSection(SolutionConfigurationPlatforms) = preSolution
		Debug|Any CPU = Debug|Any CPU
		Release|Any CPU = Release|Any CPU
	EndGlobalSection
	GlobalSection(ProjectConfigurationPlatforms) = postSolution
		{4F690F28-DB62-4FAC-8EA9-C5F5FB19CD51}.Debug|Any CPU.ActiveCfg = Debug|Any CPU
		{4F690F28-DB62-4FAC-8EA9-C5F5FB19CD51}.Debug|Any CPU.Build.0 = Debug|Any CPU
		{4F690F28-DB62-4FAC-8EA9-C5F5FB19CD51}.Release|Any CPU.ActiveCfg = Release|Any CPU
		{4F690F28-DB62-4FAC-8EA9-C5F5FB19CD51}.Release|Any CPU.Build.0 = Release|Any CPU
		{E146BDAF-A79D-4289-906B-F0C28B9226F9}.Debug|Any CPU.ActiveCfg = Debug|Any CPU
		{E146BDAF-A79D-4289-906B-F0C28B9226F9}.Debug|Any CPU.Build.0 = Debug|Any CPU
		{E146BDAF-A79D-4289-906B-F0C28B9226F9}.Release|Any CPU.ActiveCfg = Release|Any CPU
		{E146BDAF-A79D-4289-906B-F0C28B9226F9}.Release|Any CPU.Build.0 = Release|Any CPU
		{817E33B2-59DF-4F44-AE8A-26BE1DDA3F6F}.Debug|Any CPU.ActiveCfg = Debug|Any CPU
		{817E33B2-59DF-4F44-AE8A-26BE1DDA3F6F}.Debug|Any CPU.Build.0 = Debug|Any CPU
		{817E33B2-59DF-4F44-AE8A-26BE1DDA3F6F}.Release|Any CPU.ActiveCfg = Release|Any CPU
		{817E33B2-59DF-4F44-AE8A-26BE1DDA3F6F}.Release|Any CPU.Build.0 = Release|Any CPU
		{3E67B0A9-2AD9-475D-B18C-393BAF9FDB09}.Debug|Any CPU.ActiveCfg = Debug|Any CPU
		{3E67B0A9-2AD9-475D-B18C-393BAF9FDB09}.Debug|Any CPU.Build.0 = Debug|Any CPU
		{3E67B0A9-2AD9-475D-B18C-393BAF9FDB09}.Release|Any CPU.ActiveCfg = Release|Any CPU
		{3E67B0A9-2AD9-475D-B18C-393BAF9FDB09}.Release|Any CPU.Build.0 = Release|Any CPU
	EndGlobalSection
	GlobalSection(SolutionProperties) = preSolution
		HideSolutionNode = FALSE
	EndGlobalSection
	GlobalSection(ExtensibilityGlobals) = postSolution
		SolutionGuid = {921883C1-F072-401D-9058-DF156B50CE85}
	EndGlobalSection
EndGlobal
